# This file is automatically @generated by Poetry 1.5.1 and should not be changed by hand.

[[package]]
name = "box2d-py"
version = "2.3.5"
description = "Python Box2D"
optional = false
python-versions = "*"
files = [
    {file = "box2d-py-2.3.5.tar.gz", hash = "sha256:b37dc38844bcd7def48a97111d2b082e4f81cca3cece7460feb3eacda0da2207"},
    {file = "box2d_py-2.3.5-cp35-cp35m-manylinux1_x86_64.whl", hash = "sha256:287aa54005c0644b47bf7ad72966e4068d66e56bcf8458f5b4a653ffe42a2618"},
    {file = "box2d_py-2.3.5-cp36-cp36m-macosx_10_13_x86_64.whl", hash = "sha256:483b3f9acd5d156b72bf2013f93cf7f8ca0ee1562e43d2353ab4c0cbec4ee49a"},
    {file = "box2d_py-2.3.5-cp36-cp36m-manylinux1_x86_64.whl", hash = "sha256:a294c2d7cc73cc05dd491287079e15419eb98caa3158df94f40faf85eeb4b6e9"},
    {file = "box2d_py-2.3.5-cp37-cp37m-manylinux1_x86_64.whl", hash = "sha256:0d46068eb8d29e366ed698ab2a4833d4d2d34ed035ebd6a685888007dda05f64"},
]

[[package]]
name = "cloudpickle"
version = "2.2.1"
description = "Extended pickling support for Python objects"
optional = false
python-versions = ">=3.6"
files = [
    {file = "cloudpickle-2.2.1-py3-none-any.whl", hash = "sha256:61f594d1f4c295fa5cd9014ceb3a1fc4a70b0de1164b94fbc2d854ccba056f9f"},
    {file = "cloudpickle-2.2.1.tar.gz", hash = "sha256:d89684b8de9e34a2a43b3460fbca07d09d6e25ce858df4d5a44240403b6178f5"},
]

[[package]]
name = "gym"
version = "0.26.2"
description = "Gym: A universal API for reinforcement learning environments"
optional = false
python-versions = ">=3.6"
files = [
    {file = "gym-0.26.2.tar.gz", hash = "sha256:e0d882f4b54f0c65f203104c24ab8a38b039f1289986803c7d02cdbe214fbcc4"},
]

[package.dependencies]
box2d-py = {version = "2.3.5", optional = true, markers = "extra == \"box2d\""}
cloudpickle = ">=1.2.0"
gym_notices = ">=0.0.4"
importlib_metadata = {version = ">=4.8.0", markers = "python_version < \"3.10\""}
numpy = ">=1.18.0"
pygame = {version = "2.1.0", optional = true, markers = "extra == \"box2d\""}
swig = {version = "==4.*", optional = true, markers = "extra == \"box2d\""}

[package.extras]
accept-rom-license = ["autorom[accept-rom-license] (>=0.4.2,<0.5.0)"]
all = ["ale-py (>=0.8.0,<0.9.0)", "box2d-py (==2.3.5)", "imageio (>=2.14.1)", "lz4 (>=3.1.0)", "matplotlib (>=3.0)", "moviepy (>=1.0.0)", "mujoco (==2.2)", "mujoco_py (>=2.1,<2.2)", "opencv-python (>=3.0)", "pygame (==2.1.0)", "pytest (==7.0.1)", "swig (==4.*)"]
atari = ["ale-py (>=0.8.0,<0.9.0)"]
box2d = ["box2d-py (==2.3.5)", "pygame (==2.1.0)", "swig (==4.*)"]
classic-control = ["pygame (==2.1.0)"]
mujoco = ["imageio (>=2.14.1)", "mujoco (==2.2)"]
mujoco-py = ["mujoco_py (>=2.1,<2.2)"]
other = ["lz4 (>=3.1.0)", "matplotlib (>=3.0)", "moviepy (>=1.0.0)", "opencv-python (>=3.0)"]
testing = ["box2d-py (==2.3.5)", "imageio (>=2.14.1)", "lz4 (>=3.1.0)", "matplotlib (>=3.0)", "moviepy (>=1.0.0)", "mujoco (==2.2)", "mujoco_py (>=2.1,<2.2)", "opencv-python (>=3.0)", "pygame (==2.1.0)", "pytest (==7.0.1)", "swig (==4.*)"]
toy-text = ["pygame (==2.1.0)"]

[[package]]
name = "gym-notices"
version = "0.0.8"
description = "Notices for gym"
optional = false
python-versions = "*"
files = [
    {file = "gym-notices-0.0.8.tar.gz", hash = "sha256:ad25e200487cafa369728625fe064e88ada1346618526102659b4640f2b4b911"},
    {file = "gym_notices-0.0.8-py3-none-any.whl", hash = "sha256:e5f82e00823a166747b4c2a07de63b6560b1acb880638547e0cabf825a01e463"},
]

[[package]]
name = "importlib-metadata"
version = "6.8.0"
description = "Read metadata from Python packages"
optional = false
python-versions = ">=3.8"
files = [
    {file = "importlib_metadata-6.8.0-py3-none-any.whl", hash = "sha256:3ebb78df84a805d7698245025b975d9d67053cd94c79245ba4b3eb694abe68bb"},
    {file = "importlib_metadata-6.8.0.tar.gz", hash = "sha256:dbace7892d8c0c4ac1ad096662232f831d4e64f4c4545bd53016a3e9d4654743"},
]

[package.dependencies]
zipp = ">=0.5"

[package.extras]
docs = ["furo", "jaraco.packaging (>=9)", "jaraco.tidelift (>=1.4)", "rst.linker (>=1.9)", "sphinx (>=3.5)", "sphinx-lint"]
perf = ["ipython"]
testing = ["flufl.flake8", "importlib-resources (>=1.3)", "packaging", "pyfakefs", "pytest (>=6)", "pytest-black (>=0.3.7)", "pytest-checkdocs (>=2.4)", "pytest-cov", "pytest-enabler (>=2.2)", "pytest-mypy (>=0.9.1)", "pytest-perf (>=0.9.2)", "pytest-ruff"]

[[package]]
name = "numpy"
version = "1.24.4"
description = "Fundamental package for array computing in Python"
optional = false
python-versions = ">=3.8"
files = [
    {file = "numpy-1.24.4-cp310-cp310-macosx_10_9_x86_64.whl", hash = "sha256:c0bfb52d2169d58c1cdb8cc1f16989101639b34c7d3ce60ed70b19c63eba0b64"},
    {file = "numpy-1.24.4-cp310-cp310-macosx_11_0_arm64.whl", hash = "sha256:ed094d4f0c177b1b8e7aa9cba7d6ceed51c0e569a5318ac0ca9a090680a6a1b1"},
    {file = "numpy-1.24.4-cp310-cp310-manylinux_2_17_aarch64.manylinux2014_aarch64.whl", hash = "sha256:79fc682a374c4a8ed08b331bef9c5f582585d1048fa6d80bc6c35bc384eee9b4"},
    {file = "numpy-1.24.4-cp310-cp310-manylinux_2_17_x86_64.manylinux2014_x86_64.whl", hash = "sha256:7ffe43c74893dbf38c2b0a1f5428760a1a9c98285553c89e12d70a96a7f3a4d6"},
    {file = "numpy-1.24.4-cp310-cp310-win32.whl", hash = "sha256:4c21decb6ea94057331e111a5bed9a79d335658c27ce2adb580fb4d54f2ad9bc"},
    {file = "numpy-1.24.4-cp310-cp310-win_amd64.whl", hash = "sha256:b4bea75e47d9586d31e892a7401f76e909712a0fd510f58f5337bea9572c571e"},
    {file = "numpy-1.24.4-cp311-cp311-macosx_10_9_x86_64.whl", hash = "sha256:f136bab9c2cfd8da131132c2cf6cc27331dd6fae65f95f69dcd4ae3c3639c810"},
    {file = "numpy-1.24.4-cp311-cp311-macosx_11_0_arm64.whl", hash = "sha256:e2926dac25b313635e4d6cf4dc4e51c8c0ebfed60b801c799ffc4c32bf3d1254"},
    {file = "numpy-1.24.4-cp311-cp311-manylinux_2_17_aarch64.manylinux2014_aarch64.whl", hash = "sha256:222e40d0e2548690405b0b3c7b21d1169117391c2e82c378467ef9ab4c8f0da7"},
    {file = "numpy-1.24.4-cp311-cp311-manylinux_2_17_x86_64.manylinux2014_x86_64.whl", hash = "sha256:7215847ce88a85ce39baf9e89070cb860c98fdddacbaa6c0da3ffb31b3350bd5"},
    {file = "numpy-1.24.4-cp311-cp311-win32.whl", hash = "sha256:4979217d7de511a8d57f4b4b5b2b965f707768440c17cb70fbf254c4b225238d"},
    {file = "numpy-1.24.4-cp311-cp311-win_amd64.whl", hash = "sha256:b7b1fc9864d7d39e28f41d089bfd6353cb5f27ecd9905348c24187a768c79694"},
    {file = "numpy-1.24.4-cp38-cp38-macosx_10_9_x86_64.whl", hash = "sha256:1452241c290f3e2a312c137a9999cdbf63f78864d63c79039bda65ee86943f61"},
    {file = "numpy-1.24.4-cp38-cp38-macosx_11_0_arm64.whl", hash = "sha256:04640dab83f7c6c85abf9cd729c5b65f1ebd0ccf9de90b270cd61935eef0197f"},
    {file = "numpy-1.24.4-cp38-cp38-manylinux_2_17_aarch64.manylinux2014_aarch64.whl", hash = "sha256:a5425b114831d1e77e4b5d812b69d11d962e104095a5b9c3b641a218abcc050e"},
    {file = "numpy-1.24.4-cp38-cp38-manylinux_2_17_x86_64.manylinux2014_x86_64.whl", hash = "sha256:dd80e219fd4c71fc3699fc1dadac5dcf4fd882bfc6f7ec53d30fa197b8ee22dc"},
    {file = "numpy-1.24.4-cp38-cp38-win32.whl", hash = "sha256:4602244f345453db537be5314d3983dbf5834a9701b7723ec28923e2889e0bb2"},
    {file = "numpy-1.24.4-cp38-cp38-win_amd64.whl", hash = "sha256:692f2e0f55794943c5bfff12b3f56f99af76f902fc47487bdfe97856de51a706"},
    {file = "numpy-1.24.4-cp39-cp39-macosx_10_9_x86_64.whl", hash = "sha256:2541312fbf09977f3b3ad449c4e5f4bb55d0dbf79226d7724211acc905049400"},
    {file = "numpy-1.24.4-cp39-cp39-macosx_11_0_arm64.whl", hash = "sha256:9667575fb6d13c95f1b36aca12c5ee3356bf001b714fc354eb5465ce1609e62f"},
    {file = "numpy-1.24.4-cp39-cp39-manylinux_2_17_aarch64.manylinux2014_aarch64.whl", hash = "sha256:f3a86ed21e4f87050382c7bc96571755193c4c1392490744ac73d660e8f564a9"},
    {file = "numpy-1.24.4-cp39-cp39-manylinux_2_17_x86_64.manylinux2014_x86_64.whl", hash = "sha256:d11efb4dbecbdf22508d55e48d9c8384db795e1b7b51ea735289ff96613ff74d"},
    {file = "numpy-1.24.4-cp39-cp39-win32.whl", hash = "sha256:6620c0acd41dbcb368610bb2f4d83145674040025e5536954782467100aa8835"},
    {file = "numpy-1.24.4-cp39-cp39-win_amd64.whl", hash = "sha256:befe2bf740fd8373cf56149a5c23a0f601e82869598d41f8e188a0e9869926f8"},
    {file = "numpy-1.24.4-pp38-pypy38_pp73-macosx_10_9_x86_64.whl", hash = "sha256:31f13e25b4e304632a4619d0e0777662c2ffea99fcae2029556b17d8ff958aef"},
    {file = "numpy-1.24.4-pp38-pypy38_pp73-manylinux_2_17_x86_64.manylinux2014_x86_64.whl", hash = "sha256:95f7ac6540e95bc440ad77f56e520da5bf877f87dca58bd095288dce8940532a"},
    {file = "numpy-1.24.4-pp38-pypy38_pp73-win_amd64.whl", hash = "sha256:e98f220aa76ca2a977fe435f5b04d7b3470c0a2e6312907b37ba6068f26787f2"},
    {file = "numpy-1.24.4.tar.gz", hash = "sha256:80f5e3a4e498641401868df4208b74581206afbee7cf7b8329daae82676d9463"},
]

[[package]]
name = "pygame"
version = "2.1.0"
description = "Python Game Development"
optional = false
python-versions = ">=3.6"
files = [
    {file = "pygame-2.1.0-cp310-cp310-macosx_10_9_x86_64.whl", hash = "sha256:c84a93e6d33dafce9e25080ac557342333e15ef7e378ba84cb6181c52a8fd663"},
    {file = "pygame-2.1.0-cp310-cp310-macosx_11_0_arm64.whl", hash = "sha256:a0842458b49257ab539b7b6622a242cabcddcb61178b8ae074aaceb890be75b6"},
    {file = "pygame-2.1.0-cp310-cp310-manylinux_2_12_i686.manylinux2010_i686.whl", hash = "sha256:6efa3fa472acb97c784224b59a89e80da6231f0dbf54df8442ffa3352c0534d6"},
    {file = "pygame-2.1.0-cp310-cp310-manylinux_2_12_x86_64.manylinux2010_x86_64.whl", hash = "sha256:02a26b3be6cc478f18f4efa506ee5a585f68350857ac5e68e187301e943e3d6d"},
    {file = "pygame-2.1.0-cp310-cp310-manylinux_2_17_aarch64.manylinux2014_aarch64.whl", hash = "sha256:d5c62fbdb30082f7e1dcfa253da48e7b4be7342d275b34b2efa51f6cffc5942b"},
    {file = "pygame-2.1.0-cp310-cp310-manylinux_2_17_i686.manylinux2014_i686.whl", hash = "sha256:7a305dcf44f03a8dd7baefb97dc24949d7e719fd686cd3211121639aec4ce464"},
    {file = "pygame-2.1.0-cp310-cp310-manylinux_2_17_x86_64.manylinux2014_x86_64.whl", hash = "sha256:847b4bc22edb1d77c992b5d56b19e1ab52e14687adb8bc3ed12a8a98fbd7e1ff"},
    {file = "pygame-2.1.0-cp310-cp310-win32.whl", hash = "sha256:e9368c105a8bccc8adfe7fd7fa5220d2b6c03979a3a57a8178c42f6fa9914ebc"},
    {file = "pygame-2.1.0-cp310-cp310-win_amd64.whl", hash = "sha256:9a81d057a7dea95850e44118f141a892fde93c938ccb08fbc5dd7f1a26c2f1fe"},
    {file = "pygame-2.1.0-cp36-cp36m-macosx_10_9_x86_64.whl", hash = "sha256:ada3d33e7e6907d5c3bf771dc58c47ee6994a1e28fed55e4f8f8b817367beb8f"},
    {file = "pygame-2.1.0-cp36-cp36m-manylinux_2_12_i686.manylinux2010_i686.whl", hash = "sha256:5a3edc8211d0cf39d1e4d7ded1a0727c53aeb21205963f184199521708bbb05c"},
    {file = "pygame-2.1.0-cp36-cp36m-manylinux_2_12_x86_64.manylinux2010_x86_64.whl", hash = "sha256:53c6fa767e3eef52d403eda5d032e48b6040ccce03fbd64af2f71843168118da"},
    {file = "pygame-2.1.0-cp36-cp36m-manylinux_2_17_aarch64.manylinux2014_aarch64.whl", hash = "sha256:c28c6f764aa03a0245db12346f1da327c6f49bcc20e53aefec6eed57e4fbe1ce"},
    {file = "pygame-2.1.0-cp36-cp36m-manylinux_2_17_i686.manylinux2014_i686.whl", hash = "sha256:5d36d530a8994c5bb8889816981f82b7942d8ec7651ca1d922d01302c1feecd2"},
    {file = "pygame-2.1.0-cp36-cp36m-manylinux_2_17_x86_64.manylinux2014_x86_64.whl", hash = "sha256:fdd488daa4ad33748d5ea806e311bfe01b9cc506def5288400072fcd66d226cf"},
    {file = "pygame-2.1.0-cp36-cp36m-manylinux_2_5_i686.manylinux1_i686.whl", hash = "sha256:9284e76923777c21b8bea19d8528be9cd62d0915139ed3c3cde6c43f849466f5"},
    {file = "pygame-2.1.0-cp36-cp36m-manylinux_2_5_x86_64.manylinux1_x86_64.whl", hash = "sha256:49e5fb589a86169aa95b83d3429ee034799792374e13dbc0da83091d86365a4b"},
    {file = "pygame-2.1.0-cp36-cp36m-win32.whl", hash = "sha256:c6ee571995527e779b46cafee7ebef2dceb1a9c375143828e019293ff0efa167"},
    {file = "pygame-2.1.0-cp36-cp36m-win_amd64.whl", hash = "sha256:b400edd7391972e75b4243113089d6ea10b032e1306e8721efabb36d33c2d0f2"},
    {file = "pygame-2.1.0-cp37-cp37m-macosx_10_9_x86_64.whl", hash = "sha256:0d2f80b501aacd74a660d4422793ea1cd4e209bee385aac18d0a07bd671511ee"},
    {file = "pygame-2.1.0-cp37-cp37m-manylinux_2_12_i686.manylinux2010_i686.whl", hash = "sha256:32cb64627c2eb5c4c067ffe614e08ccb8987d096100d225e070dddce05725b63"},
    {file = "pygame-2.1.0-cp37-cp37m-manylinux_2_12_x86_64.manylinux2010_x86_64.whl", hash = "sha256:38b5a43ab02c162501e62b857ff2cb128076b0786dd4e1d8bea63db8326f9da1"},
    {file = "pygame-2.1.0-cp37-cp37m-manylinux_2_17_aarch64.manylinux2014_aarch64.whl", hash = "sha256:ba5bf655c892bbf4a9bafb4fcbc4c71023cc9a65f0cae0f3eba09a11018a858e"},
    {file = "pygame-2.1.0-cp37-cp37m-manylinux_2_17_i686.manylinux2014_i686.whl", hash = "sha256:add546fcbf8954f00647f5e7d595ab9389f6a7542a99fc5dca514e14fd799773"},
    {file = "pygame-2.1.0-cp37-cp37m-manylinux_2_17_x86_64.manylinux2014_x86_64.whl", hash = "sha256:987c0d5fcd7737c31b35df06f78932c48eeff2c97473001e224fdebd3292b2db"},
    {file = "pygame-2.1.0-cp37-cp37m-manylinux_2_5_i686.manylinux1_i686.whl", hash = "sha256:594234050b50b57c538842155dc3095c9d4f994266325adb4dd008aee526157f"},
    {file = "pygame-2.1.0-cp37-cp37m-manylinux_2_5_x86_64.manylinux1_x86_64.whl", hash = "sha256:59a5461ef317e4d233d1bb5ce63311ccad3e911a652bda159d3922351050158c"},
    {file = "pygame-2.1.0-cp37-cp37m-win32.whl", hash = "sha256:9b2ad10ffaa226ca40ae229143b0a118426aff42e2459b626d355846c59a765d"},
    {file = "pygame-2.1.0-cp37-cp37m-win_amd64.whl", hash = "sha256:4f73058569573af12c8181e032745f11d85f0799510965d938b1f16c7f13afcb"},
    {file = "pygame-2.1.0-cp38-cp38-macosx_10_9_x86_64.whl", hash = "sha256:85844714f82a5379100825473b1a7b24192b4a944aed3128da9386e26adc3bed"},
    {file = "pygame-2.1.0-cp38-cp38-macosx_11_0_arm64.whl", hash = "sha256:b0e96c0f68f6bb88da216765920c6dbc55ae83e70435d8ebac87d271fc058646"},
    {file = "pygame-2.1.0-cp38-cp38-manylinux_2_12_i686.manylinux2010_i686.whl", hash = "sha256:3d5a76fa826202182d989e8399fca0c3c163fbb4f8ece773e77955a7a62cbed3"},
    {file = "pygame-2.1.0-cp38-cp38-manylinux_2_12_x86_64.manylinux2010_x86_64.whl", hash = "sha256:2bfefabe78bda7a1bfba253cbe2131038402ce2b32e4218feeba6431fe429abb"},
    {file = "pygame-2.1.0-cp38-cp38-manylinux_2_17_aarch64.manylinux2014_aarch64.whl", hash = "sha256:3804476fab6ec7230aa817ee5c3b378ba956321fdd5f91f51c97452c588869d2"},
    {file = "pygame-2.1.0-cp38-cp38-manylinux_2_17_i686.manylinux2014_i686.whl", hash = "sha256:70a11eec9bae6e8970c5bc4b3d0908eb2c42d4bd4ed488e41e49774b7cb41f57"},
    {file = "pygame-2.1.0-cp38-cp38-manylinux_2_17_x86_64.manylinux2014_x86_64.whl", hash = "sha256:4eff1db92d53dc2e49ed832dd6c76530e1e2b5954eef091f6af41b41d2d5c3ac"},
    {file = "pygame-2.1.0-cp38-cp38-manylinux_2_5_i686.manylinux1_i686.whl", hash = "sha256:c1eb91198fc47c2e4fdc19c544b5d94534a70fd877f5c342228feb05e9fc4bef"},
    {file = "pygame-2.1.0-cp38-cp38-manylinux_2_5_x86_64.manylinux1_x86_64.whl", hash = "sha256:15d4e42214f93d8c60120e16b690ad03da7f0b3b66f75db8966bccf8c66c4690"},
    {file = "pygame-2.1.0-cp38-cp38-win32.whl", hash = "sha256:e533f4bf9dc1a91cfd608b9bfb028c6a92383e731c502660933f0f9b812045a6"},
    {file = "pygame-2.1.0-cp38-cp38-win_amd64.whl", hash = "sha256:692fe4498c353d663d45d05354fb47c9f6bf324d10b53844b9ed7f60e6c8cefa"},
    {file = "pygame-2.1.0-cp39-cp39-macosx_10_9_x86_64.whl", hash = "sha256:472b81ba6b61ffe5879ac3d0da2e5cb235e0e4da471ad4038f013a7710ab53ab"},
    {file = "pygame-2.1.0-cp39-cp39-macosx_11_0_arm64.whl", hash = "sha256:bb55368d455ab9518b97febd33a8d417988397b019c9408993be034e0b5a7db6"},
    {file = "pygame-2.1.0-cp39-cp39-manylinux_2_12_i686.manylinux2010_i686.whl", hash = "sha256:f8379052cfbc278b11e31bc97f2e7f5998959c50837c4d54f4e424a541e0c5d9"},
    {file = "pygame-2.1.0-cp39-cp39-manylinux_2_12_x86_64.manylinux2010_x86_64.whl", hash = "sha256:b545634f96132af1d31dcb873cf03a9c4a5654ae39d9ee126db0b2eba2806788"},
    {file = "pygame-2.1.0-cp39-cp39-manylinux_2_17_aarch64.manylinux2014_aarch64.whl", hash = "sha256:5eb3dede55d005adea8504f8c9230b9dc2c84c1c728efe93a9718fa1af824dc8"},
    {file = "pygame-2.1.0-cp39-cp39-manylinux_2_17_i686.manylinux2014_i686.whl", hash = "sha256:f628f9f26c8dadf72fabc9ae0ce5fe7f60d76be71a3407abc756b4d1fd030fa0"},
    {file = "pygame-2.1.0-cp39-cp39-manylinux_2_17_x86_64.manylinux2014_x86_64.whl", hash = "sha256:d4061ac4e81bb36ec8f0a7027582c1c4dd32a939882e008165627103cb0b3985"},
    {file = "pygame-2.1.0-cp39-cp39-manylinux_2_5_i686.manylinux1_i686.whl", hash = "sha256:fad7b5351931cb68d19d7ecc0b21021fe23237d8fba8c455b5af4a79e1c7c536"},
    {file = "pygame-2.1.0-cp39-cp39-manylinux_2_5_x86_64.manylinux1_x86_64.whl", hash = "sha256:a0ab3e4763e0cebf08c55154f4167cdae3683674604a71e1437123225f2a9b36"},
    {file = "pygame-2.1.0-cp39-cp39-win32.whl", hash = "sha256:64ec45215c2cfc4051bb0f58d26aee3b50a39b1b0a2e6fe8417bb352a6443aad"},
    {file = "pygame-2.1.0-cp39-cp39-win_amd64.whl", hash = "sha256:86c66b917afc6330a91ac8c7169c36c77ec536578d1d7724644d41f904e2d146"},
    {file = "pygame-2.1.0-pp36-pypy36_pp73-win32.whl", hash = "sha256:b0e405fdde643f14d60c2dd140f110a5a38f588396a8b61a1a86374f25cba589"},
    {file = "pygame-2.1.0-pp37-pypy37_pp73-macosx_10_9_x86_64.whl", hash = "sha256:646e871ff5ab7f933cde5ea2bff7b6cd74d7369f43e84a291baebe00bb9a8f6f"},
    {file = "pygame-2.1.0-pp37-pypy37_pp73-manylinux_2_12_i686.manylinux2010_i686.whl", hash = "sha256:88a2dabe617e6173003b65762c636947719da3e2d881a4ea47298e8d70886386"},
    {file = "pygame-2.1.0-pp37-pypy37_pp73-manylinux_2_12_x86_64.manylinux2010_x86_64.whl", hash = "sha256:7281366b4ebd7f16eac8ec6a6e2adb4c729beda178ea82637d9981e93dd40c9b"},
    {file = "pygame-2.1.0-pp37-pypy37_pp73-manylinux_2_17_i686.manylinux2014_i686.whl", hash = "sha256:0227728f2ef751fac43b89f4bcc5c65ce39c855b2a3391ddf2e6024dd667e6bd"},
    {file = "pygame-2.1.0-pp37-pypy37_pp73-manylinux_2_17_x86_64.manylinux2014_x86_64.whl", hash = "sha256:4ab5aba8677d135b94c4714e8256efdfffefc164f354a4d05b846588caf43b99"},
    {file = "pygame-2.1.0.tar.gz", hash = "sha256:232e51104db0e573221660d172af8e6fc2c0fda183c5dbf2aa52170f29aa9ec9"},
]

[[package]]
name = "swig"
version = "4.1.1"
description = "SWIG is a software development tool that connects programs written in C and C++ with a variety of high-level programming languages."
optional = false
python-versions = "*"
files = [
    {file = "swig-4.1.1-py2.py3-none-macosx_10_9_universal2.whl", hash = "sha256:42c6c203dba1c1afa60c8e3c6a4da7f39ce95a44bf0bf5b0f5cb16aa6caa51fe"},
    {file = "swig-4.1.1-py2.py3-none-macosx_10_9_x86_64.whl", hash = "sha256:fe9b0a49190c484816a5ad020a88fa35b42628fb6c5f3d4a6f3da5f3bb70b31a"},
    {file = "swig-4.1.1-py2.py3-none-macosx_11_0_arm64.whl", hash = "sha256:cee47d9f21bc34fcc0bcb529795313041e589bf4b69fc7bffa1ef325dae0972f"},
    {file = "swig-4.1.1-py2.py3-none-manylinux_2_17_aarch64.manylinux2014_aarch64.whl", hash = "sha256:6eb403545dbe2e16a612abc7cfce5e29da2ef9b2e81944fb7669fdd3a22810f4"},
    {file = "swig-4.1.1-py2.py3-none-manylinux_2_17_ppc64le.manylinux2014_ppc64le.whl", hash = "sha256:d0bb43aecb5043be8cabd94e391b7c4eed2b900e2183b86be4f9d37da13dc43e"},
    {file = "swig-4.1.1-py2.py3-none-manylinux_2_17_s390x.manylinux2014_s390x.whl", hash = "sha256:9ff3aa551c42aee4170d42667b11f55bdd2ec43532717b03e6a10b97604b438c"},
    {file = "swig-4.1.1-py2.py3-none-manylinux_2_5_i686.manylinux1_i686.whl", hash = "sha256:e669f7d82e34a866aef1c7d7c2e9d05c5dad033fd7094c02898a85d1bc5905d7"},
    {file = "swig-4.1.1-py2.py3-none-manylinux_2_5_x86_64.manylinux1_x86_64.whl", hash = "sha256:3f9da5564718bb81234dd497dc265025b0456c6c9378dfa8206cda56a7fa65ba"},
    {file = "swig-4.1.1-py2.py3-none-musllinux_1_1_aarch64.whl", hash = "sha256:326a1e68dc5531f1ccb16d314d33afb8c964294d14111912ef069e90573c0b2a"},
    {file = "swig-4.1.1-py2.py3-none-musllinux_1_1_i686.whl", hash = "sha256:1f8d43e6b29d6024374c4bcafa88cb5149f3e335d13db2556829d94dad1178eb"},
    {file = "swig-4.1.1-py2.py3-none-musllinux_1_1_ppc64le.whl", hash = "sha256:c51a5d9d6791151a42bcf5524ab33ace6c206d8fa874f75961e91649ba5adb16"},
    {file = "swig-4.1.1-py2.py3-none-musllinux_1_1_s390x.whl", hash = "sha256:32f91c83ed5cb09b80ef35c38aedbb80bd495d18716e6ca7ff2f9ec1f39ad8bc"},
    {file = "swig-4.1.1-py2.py3-none-musllinux_1_1_x86_64.whl", hash = "sha256:5df85ef91652d928fa2c45c4956def2ae3beae0957013c559152bb0da6643f4b"},
    {file = "swig-4.1.1-py2.py3-none-win32.whl", hash = "sha256:bc753a7417a0a232fc34add810d7e46e1c78f49342f704a1a38a5ac920de6ca0"},
    {file = "swig-4.1.1-py2.py3-none-win_amd64.whl", hash = "sha256:20a00158ddea0c11ce3535f5b9ddd808acdeb4918c89884fba6a697a0e21c33f"},
    {file = "swig-4.1.1.tar.gz", hash = "sha256:7507e9ccd394a84dc080896277f72fda8393fa122e2e194f47f32fbf3a4cd564"},
]

[[package]]
name = "zipp"
version = "3.16.2"
description = "Backport of pathlib-compatible object wrapper for zip files"
optional = false
python-versions = ">=3.8"
files = [
    {file = "zipp-3.16.2-py3-none-any.whl", hash = "sha256:679e51dd4403591b2d6838a48de3d283f3d188412a9782faadf845f298736ba0"},
    {file = "zipp-3.16.2.tar.gz", hash = "sha256:ebc15946aa78bd63458992fc81ec3b6f7b1e92d51c35e6de1c3804e73b799147"},
]

[package.extras]
docs = ["furo", "jaraco.packaging (>=9.3)", "jaraco.tidelift (>=1.4)", "rst.linker (>=1.9)", "sphinx (>=3.5)", "sphinx-lint"]
testing = ["big-O", "jaraco.functools", "jaraco.itertools", "more-itertools", "pytest (>=6)", "pytest-black (>=0.3.7)", "pytest-checkdocs (>=2.4)", "pytest-cov", "pytest-enabler (>=2.2)", "pytest-ignore-flaky", "pytest-mypy (>=0.9.1)", "pytest-ruff"]

[metadata]
lock-version = "2.0"
python-versions = "^3.8"
content-hash = "707ee9e150d03171e9ea3e8a09f07378ad33f69169f282ad7c2807f230fdc20d"
